{
  "name": "syndicateApp",
  "lockfileVersion": 3,
  "requires": true,
  "packages": {
    "": {
      "name": "syndicateApp",
      "dependencies": {
        "spa-proxy": "^1.0.7"
      }
    },
    "node_modules/spa-proxy": {
      "version": "1.0.7",
      "resolved": "https://registry.npmjs.org/spa-proxy/-/spa-proxy-1.0.7.tgz",
      "integrity": "sha512-LDhh27IxRMOzNKcEbwAySn210BfT/08Syiek6zcDD8RsmoRfSDfQKXC2ZCvx99s7hXRNektinXwVqEXo8n2n0w=="
    }
  }
}
